# This file is automatically @generated by Cargo.
# It is not intended for manual editing.
version = 4

[[package]]
name = "addr2line"
version = "0.25.1"
source = "registry+https://github.com/rust-lang/crates.io-index"
checksum = "1b5d307320b3181d6d7954e663bd7c774a838b8220fe0593c86d9fb09f498b4b"
dependencies = [
 "gimli",
]

[[package]]
name = "allocator-api2"
version = "0.2.21"
source = "registry+https://github.com/rust-lang/crates.io-index"
checksum = "683d7910e743518b0e34f1186f92494becacb047c7b6bf616c96772180fef923"

[[package]]
name = "anyhow"
version = "1.0.104"
source = "registry+https://github.com/rust-lang/crates.io-index"
checksum = "330a5ed07fa54e4702c9d6c4174f74427fc0ef6e214bbd677ae50a5099946470"

[[package]]
name = "arbitrary"
version = "1.5.0"
source = "registry+https://github.com/rust-lang/crates.io-index"
checksum = "3bc62ac97cc33321f50863d514c3bc38a453947a8f9e781137e47c7401020aed"

[[package]]
name = "async-trait"
version = "0.1.92"
source = "registry+https://github.com/rust-lang/crates.io-index"
checksum = "82f6aeea286b8eb4dd3431a1be1b59d290ace00f5bfd8e2a159bc2a05e2c1667"
dependencies = [
 "proc-macro2",
 "quote",
 "syn 3.0.6",
]

[[package]]
name = "bitflags"
version = "2.13.2"
source = "registry+https://github.com/rust-lang/crates.io-index"
checksum = "3ded4057c258ba199e2d26386d3af3780957ecaee6c4ef4041c6b4b8b97c0b06"

[[package]]
name = "block-buffer"
version = "0.10.4"
source = "registry+https://github.com/rust-lang/crates.io-index"
checksum = "3078c7629b62d3f0439517fa394996acacc5cbc91c5a20d8c658e77abd503a71"
dependencies = [
 "generic-array",
]

[[package]]
name = "bumpalo"
version = "3.20.3"
source = "registry+https://github.com/rust-lang/crates.io-index"
checksum = "72f5acc6cb2ba439de613abc23857ec3d78374d8ed5ac84e9d11336e87da8649"
dependencies = [
 "allocator-api2",
]

[[package]]
name = "cc"
version = "1.6.0"
source = "registry+https://github.com/rust-lang/crates.io-index"
checksum = "f74872d07caf508b30a21f6836e7d7016a2eaf7d9ff4f48deaa58cd8a0407630"
dependencies = [
 "find-msvc-tools",
 "shlex",
]

[[package]]
name = "cfg-if"
version = "1.0.5"
source = "registry+https://github.com/rust-lang/crates.io-index"
checksum = "4e7648175b45a9a48536d676f68d918270699102aa8dab5496df06904c914600"

[[package]]
name = "cobs"
version = "0.3.0"
source = "registry+https://github.com/rust-lang/crates.io-index"
checksum = "0fa961b519f0b462e3a3b4a34b64d119eeaca1d59af726fe450bbba07a9fc0a1"
dependencies = [
 "thiserror",
]

[[package]]
name = "cpufeatures"
version = "0.2.17"
source = "registry+https://github.com/rust-lang/crates.io-index"
checksum = "59ed5838eebb26a2bb2e58f6d5b5316989ae9d08bab10e0e6d103e656d1b0280"
dependencies = [
 "libc",
]

[[package]]
name = "cranelift-assembler-x64"
version = "0.125.4"
source = "registry+https://github.com/rust-lang/crates.io-index"
checksum = "c088d3406f0c0252efa7445adfd2d05736bfb5218838f64eaf79d567077aed14"
dependencies = [
 "cranelift-assembler-x64-meta",
]

[[package]]
name = "cranelift-assembler-x64-meta"
version = "0.125.4"
source = "registry+https://github.com/rust-lang/crates.io-index"
checksum = "5c03f887a763abb9c1dc08f722aa82b69067fda623b6f0273050f45f8b1a6776"
dependencies = [
 "cranelift-srcgen",
]

[[package]]
name = "cranelift-bforest"
version = "0.125.4"
source = "registry+https://github.com/rust-lang/crates.io-index"
checksum = "0206887a11a43f507fee320a218dc365980bfc42ec2696792079a9f8c9369e90"
dependencies = [
 "cranelift-entity",
]

[[package]]
name = "cranelift-bitset"
version = "0.125.4"
source = "registry+https://github.com/rust-lang/crates.io-index"
checksum = "ac0790c83cfdab95709c5d0105fd888221e3af9049a7d7ec376ec901ab4e4dba"
dependencies = [
 "serde",
 "serde_derive",
]

[[package]]
name = "cranelift-codegen"
version = "0.125.4"
source = "registry+https://github.com/rust-lang/crates.io-index"
checksum = "9a98aed2d262eda69310e84bae8e053ee4f17dbdd3347b8d9156aa618ba2de0a"
dependencies = [
 "bumpalo",
 "cranelift-assembler-x64",
 "cranelift-bforest",
 "cranelift-bitset",
 "cranelift-codegen-meta",
 "cranelift-codegen-shared",
 "cranelift-control",
 "cranelift-entity",
 "cranelift-isle",
 "gimli",
 "hashbrown 0.15.5",
 "log",
 "pulley-interpreter",
 "regalloc2",
 "rustc-hash",
 "serde",
 "smallvec",
 "target-lexicon",
 "wasmtime-internal-math",
]

[[package]]
name = "cranelift-codegen-meta"
version = "0.125.4"
source = "registry+https://github.com/rust-lang/crates.io-index"
checksum = "6906852826988563e9b0a9232ad951f53a47aa41ffd02f8ac852d3f41aae836a"
dependencies = [
 "cranelift-assembler-x64-meta",
 "cranelift-codegen-shared",
 "cranelift-srcgen",
 "heck",
 "pulley-interpreter",
]

[[package]]
name = "cranelift-codegen-shared"
version = "0.125.4"
source = "registry+https://github.com/rust-lang/crates.io-index"
checksum = "3a50105aab667b5cc845f2be37c78475d7cc127cd8ec0a31f7b2b71d526099a7"

[[package]]
name = "cranelift-control"
version = "0.125.4"
source = "registry+https://github.com/rust-lang/crates.io-index"
checksum = "6adcc7aa7c0bc1727176a6f2d99c28a9e79a541ccd5ca911a0cb352da8befa36"
dependencies = [
 "arbitrary",
]

[[package]]
name = "cranelift-entity"
version = "0.125.4"
source = "registry+https://github.com/rust-lang/crates.io-index"
checksum = "981b56af777f9a34ea6dcce93255125776d391410c2a68b75bed5941b714fa15"
dependencies = [
 "cranelift-bitset",
 "serde",
 "serde_derive",
]

[[package]]
name = "cranelift-frontend"
version = "0.125.4"
source = "registry+https://github.com/rust-lang/crates.io-index"
checksum = "dea982589684dfb71afecb9fc09555c3a266300a1162a60d7fa39d41a5705b1c"
dependencies = [
 "cranelift-codegen",
 "log",
 "smallvec",
 "target-lexicon",
]

[[package]]
name = "cranelift-isle"
version = "0.125.4"
source = "registry+https://github.com/rust-lang/crates.io-index"
checksum = "a0422686b22ed6a1f33cc40e3c43eb84b67155788568d1a5cac8439d3dca1783"

[[package]]
name = "cranelift-native"
version = "0.125.4"
source = "registry+https://github.com/rust-lang/crates.io-index"
checksum = "56f697bbbe135c655ea1deb7af0bae4a5c4fae2c88fdfc0fa57b34ae58c91040"
dependencies = [
 "cranelift-codegen",
 "libc",
 "target-lexicon",
]

[[package]]
name = "cranelift-srcgen"
version = "0.125.4"
source = "registry+https://github.com/rust-lang/crates.io-index"
checksum = "718efe674f3df645462677e22a3128e890d88ba55821bb091083d257707be76c"

[[package]]
name = "crc32fast"
version = "1.5.2"
source = "registry+https://github.com/rust-lang/crates.io-index"
checksum = "01a7799fd6b852db0e61728dde9a204c423b44d689dbd432522543614b490e78"
dependencies = [
 "cfg-if",
]

[[package]]
name = "crypto-common"
version = "0.1.7"
source = "registry+https://github.com/rust-lang/crates.io-index"
checksum = "78c8292055d1c1df0cce5d180393dc8cce0abec0a7102adb6c7b1eef6016d60a"
dependencies = [
 "generic-array",
 "typenum",
]

[[package]]
name = "digest"
version = "0.10.7"
source = "registry+https://github.com/rust-lang/crates.io-index"
checksum = "9ed9a281f7bc9b7576e61468ba615a66a5c8cfdff42420a70aa82701a3b1e292"
dependencies = [
 "block-buffer",
 "crypto-common",
]

[[package]]
name = "either"
version = "1.19.0"
source = "registry+https://github.com/rust-lang/crates.io-index"
checksum = "0e9c71c2167ca323c882b99918929403426e2373ea17242ff5653e0d5e1058be"

[[package]]
name = "embedded-io"
version = "0.4.0"
source = "registry+https://github.com/rust-lang/crates.io-index"
checksum = "ef1a6892d9eef45c8fa6b9e0086428a2cca8491aca8f787c534a3d6d0bcb3ced"

[[package]]
name = "embedded-io"
version = "0.6.1"
source = "registry+https://github.com/rust-lang/crates.io-index"
checksum = "edd0f118536f44f5ccd48bcb8b111bdc3de888b58c74639dfb034a357d0f206d"

[[package]]
name = "equivalent"
version = "1.0.2"
source = "registry+https://github.com/rust-lang/crates.io-index"
checksum = "877a4ace8713b0bcf2a4e7eec82529c029f1d0619886d18145fea96c3ffe5c0f"

[[package]]
name = "errno"
version = "0.3.14"
source = "registry+https://github.com/rust-lang/crates.io-index"
checksum = "39cab71617ae0d63f51a36d69f866391735b51691dbda63cf6f96d042b63efeb"
dependencies = [
 "libc",
 "windows-sys 0.61.2",
]

[[package]]
name = "fallible-iterator"
version = "0.3.0"
source = "registry+https://github.com/rust-lang/crates.io-index"
checksum = "2acce4a10f12dc2fb14a218589d4f1f62ef011b2d0cc4b3cb1bba8e94da14649"

[[package]]
name = "find-msvc-tools"
version = "0.1.14"
source = "registry+https://github.com/rust-lang/crates.io-index"
checksum = "aedcfb3409746eddb02b9e19ebda1c3394f759a152e48ee875a0844d1b955484"

[[package]]
name = "foldhash"
version = "0.1.5"
source = "registry+https://github.com/rust-lang/crates.io-index"
checksum = "d9c4f5dac5e15c24eb999c26181a6ca40b39fe946cbe4c263c7209467bc83af2"

[[package]]
name = "generic-array"
version = "0.14.7"
source = "registry+https://github.com/rust-lang/crates.io-index"
checksum = "85649ca51fd72272d7821adaf274ad91c288277713d9c18820d8499a7ff69e9a"
dependencies = [
 "typenum",
 "version_check",
]

[[package]]
name = "getrandom"
version = "0.3.4"
source = "registry+https://github.com/rust-lang/crates.io-index"
checksum = "899def5c37c4fd7b2664648c28120ecec138e4d395b459e5ca34f9cce2dd77fd"
dependencies = [
 "cfg-if",
 "libc",
 "r-efi",
 "wasip2",
]

[[package]]
name = "gimli"
version = "0.32.3"
source = "registry+https://github.com/rust-lang/crates.io-index"
checksum = "e629b9b98ef3dd8afe6ca2bd0f89306cec16d43d907889945bc5d6687f2f13c7"
dependencies = [
 "fallible-iterator",
 "indexmap",
 "stable_deref_trait",
]

[[package]]
name = "hashbrown"
version = "0.15.5"
source = "registry+https://github.com/rust-lang/crates.io-index"
checksum = "9229cfe53dfd69f0609a49f65461bd93001ea1ef889cd5529dd176593f5338a1"
dependencies = [
 "foldhash",
 "serde",
]

[[package]]
name = "hashbrown"
version = "0.17.1"
source = "registry+https://github.com/rust-lang/crates.io-index"
checksum = "ed5909b6e89a2db4456e54cd5f673791d7eca6732202bbf2a9cc504fe2f9b84a"

[[package]]
name = "heck"
version = "0.5.0"
source = "registry+https://github.com/rust-lang/crates.io-index"
checksum = "2304e00983f87ffb38b55b444b5e3b60a884b5d30c0fca7d82fe33449bbe55ea"

[[package]]
name = "indexmap"
version = "2.14.2"
source = "registry+https://github.com/rust-lang/crates.io-index"
checksum = "cc4e190f5d26ca7051642629da2c52fc03bde85a03197c99408dcd291734c855"
dependencies = [
 "equivalent",
 "hashbrown 0.17.1",
 "serde",
 "serde_core",
]

[[package]]
name = "itertools"
version = "0.14.0"
source = "registry+https://github.com/rust-lang/crates.io-index"
checksum = "2b192c782037fadd9cfa75548310488aabdbf3d2da73885b31bd0abd03351285"
dependencies = [
 "either",
]

[[package]]
name = "itoa"
version = "1.0.18"
source = "registry+https://github.com/rust-lang/crates.io-index"
checksum = "8f42a60cbdf9a97f5d2305f08a87dc4e09308d1276d28c869c684d7777685682"

[[package]]
name = "leb128fmt"
version = "0.1.0"
source = "registry+https://github.com/rust-lang/crates.io-index"
checksum = "09edd9e8b54e49e587e4f6295a7d29c3ea94d469cb40ab8ca70b288248a81db2"

[[package]]
name = "libc"
version = "0.2.190"
source = "registry+https://github.com/rust-lang/crates.io-index"
checksum = "ce5d3ddc6d3fa000eb1536d85e147bfe31aacaba692ed6a876f95cb7c855be78"

[[package]]
name = "libm"
version = "0.2.16"
source = "registry+https://github.com/rust-lang/crates.io-index"
checksum = "b6d2cec3eae94f9f509c767b45932f1ada8350c4bdb85af2fcab4a3c14807981"

[[package]]
name = "linux-raw-sys"
version = "0.12.1"
source = "registry+https://github.com/rust-lang/crates.io-index"
checksum = "32a66949e030da00e8c7d4434b251670a91556f4144941d37452769c25d58a53"

[[package]]
name = "log"
version = "0.4.34"
source = "registry+https://github.com/rust-lang/crates.io-index"
checksum = "f9f8bd3e56ce4dfc153cf470fffbfa98c7620958b312ca5c3a4b8d5181fd13c6"

[[package]]
name = "mach2"
version = "0.4.3"
source = "registry+https://github.com/rust-lang/crates.io-index"
checksum = "d640282b302c0bb0a2a8e0233ead9035e3bed871f0b7e81fe4a1ec829765db44"
dependencies = [
 "libc",
]

[[package]]
name = "memchr"
version = "2.8.3"
source = "registry+https://github.com/rust-lang/crates.io-index"
checksum = "cf8baf1c55e62ffcace7a9f06f4bd9cd3f0c4beb022d3b367256b91b87513d98"

[[package]]
name = "memfd"
version = "0.6.6"
source = "registry+https://github.com/rust-lang/crates.io-index"
checksum = "57804b2c9b69967f1536a56f86297e367a33b19e98852ed624b84551cdbc0d90"
dependencies = [
 "rustix",
]

[[package]]
name = "object"
version = "0.37.3"
source = "registry+https://github.com/rust-lang/crates.io-index"
checksum = "ff76201f031d8863c38aa7f905eca4f53abbfa15f609db4277d44cd8938f33fe"
dependencies = [
 "crc32fast",
 "hashbrown 0.15.5",
 "indexmap",
 "memchr",
]

[[package]]
name = "once_cell"
version = "1.21.4"
source = "registry+https://github.com/rust-lang/crates.io-index"
checksum = "9f7c3e4beb33f85d45ae3e3a1792185706c8e16d043238c593331cc7cd313b50"

[[package]]
name = "parsec-native-wasm"
version = "0.1.0"
dependencies = [
 "anyhow",
 "getrandom",
 "serde",
 "serde_json",
 "sha2",
 "wasmtime",
]

[[package]]
name = "postcard"
version = "1.1.3"
source = "registry+https://github.com/rust-lang/crates.io-index"
checksum = "6764c3b5dd454e283a30e6dfe78e9b31096d9e32036b5d1eaac7a6119ccb9a24"
dependencies = [
 "cobs",
 "embedded-io 0.4.0",
 "embedded-io 0.6.1",
 "serde",
]

[[package]]
name = "proc-macro2"
version = "1.0.107"
source = "registry+https://github.com/rust-lang/crates.io-index"
checksum = "985e7ec9bb745e6ce6535b544d84d6cd6f7ad8bd711c398938ae983b91a766d9"
dependencies = [
 "unicode-ident",
]

[[package]]
name = "pulley-interpreter"
version = "38.0.4"
source = "registry+https://github.com/rust-lang/crates.io-index"
checksum = "beafc309a2d35e16cc390644d88d14dfa45e45e15075ec6a9e37f6dfb43e926f"
dependencies = [
 "cranelift-bitset",
 "log",
 "pulley-macros",
 "wasmtime-internal-math",
]

[[package]]
name = "pulley-macros"
version = "38.0.4"
source = "registry+https://github.com/rust-lang/crates.io-index"
checksum = "1885fbb6c07454cfc8725a18a1da3cfc328ee8c53fb8d0671ea313edc8567947"
dependencies = [
 "proc-macro2",
 "quote",
 "syn 2.0.119",
]

[[package]]
name = "quote"
version = "1.0.47"
source = "registry+https://github.com/rust-lang/crates.io-index"
checksum = "1fbf4db142a473a8d80c26bbf18454ed458bf8d26c8219c331daecfdbd079001"
dependencies = [
 "proc-macro2",
]

[[package]]
name = "r-efi"
version = "5.3.0"
source = "registry+https://github.com/rust-lang/crates.io-index"
checksum = "69cdb34c158ceb288df11e18b4bd39de994f6657d83847bdffdbd7f346754b0f"

[[package]]
name = "regalloc2"
version = "0.13.5"
source = "registry+https://github.com/rust-lang/crates.io-index"
checksum = "08effbc1fa53aaebff69521a5c05640523fab037b34a4a2c109506bc938246fa"
dependencies = [
 "allocator-api2",
 "bumpalo",
 "hashbrown 0.15.5",
 "log",
 "rustc-hash",
 "smallvec",
]

[[package]]
name = "rustc-hash"
version = "2.1.3"
source = "registry+https://github.com/rust-lang/crates.io-index"
checksum = "6b1e7f9a428571be2dc5bc0505c13fb6bf936822b894ec87abf8a08a4e51742d"

[[package]]
name = "rustix"
version = "1.1.5"
source = "registry+https://github.com/rust-lang/crates.io-index"
checksum = "891efababe418670775f199f0d233d84843c227a0949a883ce15b37c78d6629d"
dependencies = [
 "bitflags",
 "errno",
 "libc",
 "linux-raw-sys",
 "windows-sys 0.61.2",
]

[[package]]
name = "semver"
version = "1.0.28"
source = "registry+https://github.com/rust-lang/crates.io-index"
checksum = "8a7852d02fc848982e0c167ef163aaff9cd91dc640ba85e263cb1ce46fae51cd"

[[package]]
name = "serde"
version = "1.0.229"
source = "registry+https://github.com/rust-lang/crates.io-index"
checksum = "4148590afebada386688f18773da617792bf2ef03ffc1e4cbd2b1d45b023e0ba"
dependencies = [
 "serde_core",
 "serde_derive",
]

[[package]]
name = "serde_core"
version = "1.0.229"
source = "registry+https://github.com/rust-lang/crates.io-index"
checksum = "67dca2c9c51e58a4791a4b1ed58308b39c64224d349a935ab5039aa360942a48"
dependencies = [
 "serde_derive",
]

[[package]]
name = "serde_derive"
version = "1.0.229"
source = "registry+https://github.com/rust-lang/crates.io-index"
checksum = "e7a5d71263a5a7d47b41f6b3f06ba276f10cc18b0931f1799f710578e2309348"
dependencies = [
 "proc-macro2",
 "quote",
 "syn 3.0.6",
]

[[package]]
name = "serde_json"
version = "1.0.151"
source = "registry+https://github.com/rust-lang/crates.io-index"
checksum = "c841b55ecdae098c80dcae9cf767f6f8a0c2cdb3416bbef72181df4d0fe73f14"
dependencies = [
 "itoa",
 "memchr",
 "serde",
 "serde_core",
 "zmij",
]

[[package]]
name = "sha2"
version = "0.10.9"
source = "registry+https://github.com/rust-lang/crates.io-index"
checksum = "a7507d819769d01a365ab707794a4084392c824f54a7a6a7862f8c3d0892b283"
dependencies = [
 "cfg-if",
 "cpufeatures",
 "digest",
]

[[package]]
name = "shlex"
version = "2.0.1"
source = "registry+https://github.com/rust-lang/crates.io-index"
checksum = "f8fadd59c855ef2080decdef8ff161eb6661b86933c9d82e5ba29dc602a55aba"

[[package]]
name = "smallvec"
version = "1.16.2"
source = "registry+https://github.com/rust-lang/crates.io-index"
checksum = "f9395f0f0eee849a9b707b2f06bb92a6a422090e2123bb2ef8e87a0e61892a8e"
dependencies = [
 "serde",
]

[[package]]
name = "stable_deref_trait"
version = "1.2.1"
source = "registry+https://github.com/rust-lang/crates.io-index"
checksum = "6ce2be8dc25455e1f91df71bfa12ad37d7af1092ae736f3a6cd0e37bc7810596"

[[package]]
name = "syn"
version = "2.0.119"
source = "registry+https://github.com/rust-lang/crates.io-index"
checksum = "872831b642d1a07999a962a351ed35b955ea2cfc8f3862091e2a240a84f17297"
dependencies = [
 "proc-macro2",
 "quote",
 "unicode-ident",
]

[[package]]
name = "syn"
version = "3.0.6"
source = "registry+https://github.com/rust-lang/crates.io-index"
checksum = "8593e8e72159ed2257d083c7a454a85cbf854f37a0966d8d483aff8c8a3ebcee"
dependencies = [
 "proc-macro2",
 "quote",
 "unicode-ident",
]

[[package]]
name = "target-lexicon"
version = "0.13.5"
source = "registry+https://github.com/rust-lang/crates.io-index"
checksum = "adb6935a6f5c20170eeceb1a3835a49e12e19d792f6dd344ccc76a985ca5a6ca"

[[package]]
name = "termcolor"
version = "1.4.1"
source = "registry+https://github.com/rust-lang/crates.io-index"
checksum = "06794f8f6c5c898b3275aebefa6b8a1cb24cd2c6c79397ab15774837a0bc5755"
dependencies = [
 "winapi-util",
]

[[package]]
name = "thiserror"
version = "2.0.21"
source = "registry+https://github.com/rust-lang/crates.io-index"
checksum = "09e52cb86a36cede5cb101bf8908837b3e4c6e5e59fe7fd85c23fb56200d189e"
dependencies = [
 "thiserror-impl",
]

[[package]]
name = "thiserror-impl"
version = "2.0.21"
source = "registry+https://github.com/rust-lang/crates.io-index"
checksum = "fe5197923287db20a58125f0bc85c062f7f2c892de97b18c356f9efb14b28524"
dependencies = [
 "proc-macro2",
 "quote",
 "syn 3.0.6",
]

[[package]]
name = "typenum"
version = "1.20.1"
source = "registry+https://github.com/rust-lang/crates.io-index"
checksum = "b6f5e870be6c3b371b77fe0ee0bafb859fa4964b4404c27de1d380043c4dda20"

[[package]]
name = "unicode-ident"
version = "1.0.26"
source = "registry+https://github.com/rust-lang/crates.io-index"
checksum = "d245f478577f809a851594d02313b640fb437e0bb33866753cff937863096954"

[[package]]
name = "unicode-width"
version = "0.2.2"
source = "registry+https://github.com/rust-lang/crates.io-index"
checksum = "b4ac048d71ede7ee76d585517add45da530660ef4390e49b098733c6e897f254"

[[package]]
name = "version_check"
version = "0.9.5"
source = "registry+https://github.com/rust-lang/crates.io-index"
checksum = "0b928f33d975fc6ad9f86c8f283853ad26bdd5b10b7f1542aa2fa15e2289105a"

[[package]]
name = "wasip2"
version = "1.0.4+wasi-0.2.12"
source = "registry+https://github.com/rust-lang/crates.io-index"
checksum = "b67efb37e106e55ce722a510d6b5f9c17f083e5fc79afc2badeb12cc313d9487"
dependencies = [
 "wit-bindgen",
]

[[package]]
name = "wasm-encoder"
version = "0.239.0"
source = "registry+https://github.com/rust-lang/crates.io-index"
checksum = "5be00faa2b4950c76fe618c409d2c3ea5a3c9422013e079482d78544bb2d184c"
dependencies = [
 "leb128fmt",
 "wasmparser 0.239.0",
]

[[package]]
name = "wasm-encoder"
version = "0.261.0"
source = "registry+https://github.com/rust-lang/crates.io-index"
checksum = "2608e8bb6d67fd68f5a8d0eb1363d6e7bcbc1f8ded5a0bd3a1e382462b876b22"
dependencies = [
 "leb128fmt",
 "wasmparser 0.261.0",
]

[[package]]
name = "wasmparser"
version = "0.239.0"
source = "registry+https://github.com/rust-lang/crates.io-index"
checksum = "8c9d90bb93e764f6beabf1d02028c70a2156a6583e63ac4218dd07ef733368b0"
dependencies = [
 "bitflags",
 "hashbrown 0.15.5",
 "indexmap",
 "semver",
 "serde",
]

[[package]]
name = "wasmparser"
version = "0.261.0"
source = "registry+https://github.com/rust-lang/crates.io-index"
checksum = "4f20f20e44f7e8aeb6744823ea9d869ede51e51be4fdaedede2852282e54d2d8"
dependencies = [
 "bitflags",
 "indexmap",
 "semver",
]

[[package]]
name = "wasmprinter"
version = "0.239.0"
source = "registry+https://github.com/rust-lang/crates.io-index"
checksum = "b3981f3d51f39f24f5fc90f93049a90f08dbbca8deba602cd46bb8ca67a94718"
dependencies = [
 "anyhow",
 "termcolor",
 "wasmparser 0.239.0",
]

[[package]]
name = "wasmtime"
version = "38.0.4"
source = "registry+https://github.com/rust-lang/crates.io-index"
checksum = "f81eafc07c867be94c47e0dc66355d9785e09107a18901f76a20701ba0663ad7"
dependencies = [
 "addr2line",
 "anyhow",
 "async-trait",
 "bitflags",
 "bumpalo",
 "cc",
 "cfg-if",
 "hashbrown 0.15.5",
 "indexmap",
 "libc",
 "log",
 "mach2",
 "memfd",
 "object",
 "once_cell",
 "postcard",
 "pulley-interpreter",
 "rustix",
 "serde",
 "serde_derive",
 "smallvec",
 "target-lexicon",
 "wasmparser 0.239.0",
 "wasmtime-environ",
 "wasmtime-internal-cranelift",
 "wasmtime-internal-fiber",
 "wasmtime-internal-jit-debug",
 "wasmtime-internal-jit-icache-coherence",
 "wasmtime-internal-math",
 "wasmtime-internal-slab",
 "wasmtime-internal-unwinder",
 "wasmtime-internal-versioned-export-macros",
 "wasmtime-internal-winch",
 "wat",
 "windows-sys 0.60.2",
]

[[package]]
name = "wasmtime-environ"
version = "38.0.4"
source = "registry+https://github.com/rust-lang/crates.io-index"
checksum = "78587abe085a44a13c90fa16fea6db014e9883e627a7044d7f0cb397ad08d1da"
dependencies = [
 "anyhow",
 "cranelift-bitset",
 "cranelift-entity",
 "gimli",
 "indexmap",
 "log",
 "object",
 "postcard",
 "serde",
 "serde_derive",
 "smallvec",
 "target-lexicon",
 "wasm-encoder 0.239.0",
 "wasmparser 0.239.0",
 "wasmprinter",
]

[[package]]
name = "wasmtime-internal-cranelift"
version = "38.0.4"
source = "registry+https://github.com/rust-lang/crates.io-index"
checksum = "deb50f1c50365c32e557266ca85acdf77696c44a3f98797ba6af58cebc6d6d1e"
dependencies = [
 "anyhow",
 "cfg-if",
 "cranelift-codegen",
 "cranelift-control",
 "cranelift-entity",
 "cranelift-frontend",
 "cranelift-native",
 "gimli",
 "itertools",
 "log",
 "object",
 "pulley-interpreter",
 "smallvec",
 "target-lexicon",
 "thiserror",
 "wasmparser 0.239.0",
 "wasmtime-environ",
 "wasmtime-internal-math",
 "wasmtime-internal-unwinder",
 "wasmtime-internal-versioned-export-macros",
]

[[package]]
name = "wasmtime-internal-fiber"
version = "38.0.4"
source = "registry+https://github.com/rust-lang/crates.io-index"
checksum = "9308cdb17f8d51e3164185616d809e28c29a6515c03b9dd95c89436b71f6d154"
dependencies = [
 "anyhow",
 "cc",
 "cfg-if",
 "libc",
 "rustix",
 "wasmtime-internal-versioned-export-macros",
 "windows-sys 0.60.2",
]

[[package]]
name = "wasmtime-internal-jit-debug"
version = "38.0.4"
source = "registry+https://github.com/rust-lang/crates.io-index"
checksum = "5c9b63a22bf2a8b6a149a41c6768bc17a8b2e3288a249cb8216987fbd7128e81"
dependencies = [
 "cc",
 "wasmtime-internal-versioned-export-macros",
]

[[package]]
name = "wasmtime-internal-jit-icache-coherence"
version = "38.0.4"
source = "registry+https://github.com/rust-lang/crates.io-index"
checksum = "eb8e042b6e3de2f3d708279f89f50b4b9aa1b9bab177300cdffb0ffcd2816df5"
dependencies = [
 "anyhow",
 "cfg-if",
 "libc",
 "windows-sys 0.60.2",
]

[[package]]
name = "wasmtime-internal-math"
version = "38.0.4"
source = "registry+https://github.com/rust-lang/crates.io-index"
checksum = "3c1f0674f38cd7d014eb1a49ea1d1766cca1a64459e8856ee118a10005302e16"
dependencies = [
 "libm",
]

[[package]]
name = "wasmtime-internal-slab"
version = "38.0.4"
source = "registry+https://github.com/rust-lang/crates.io-index"
checksum = "fb24b7535306713e7a250f8b71e35f05b6a5031bf9c3ed7330c308e899cbe7d3"

[[package]]
name = "wasmtime-internal-unwinder"
version = "38.0.4"
source = "registry+https://github.com/rust-lang/crates.io-index"
checksum = "21d5a80e2623a49cb8e8c419542337b8fe0260b162c40dcc201080a84cbe9b7c"
dependencies = [
 "anyhow",
 "cfg-if",
 "cranelift-codegen",
 "log",
 "object",
]

[[package]]
name = "wasmtime-internal-versioned-export-macros"
version = "38.0.4"
source = "registry+https://github.com/rust-lang/crates.io-index"
checksum = "23e277f734b9256359b21517c3b0c26a2a9de6c53a51b670ae55cdcde548bf4e"
dependencies = [
 "proc-macro2",
 "quote",
 "syn 2.0.119",
]

[[package]]
name = "wasmtime-internal-winch"
version = "38.0.4"
source = "registry+https://github.com/rust-lang/crates.io-index"
checksum = "7b4dc9333737142f6ece4369c8bcdda03a11edbd43d8fbd3e15004c194b9b743"
dependencies = [
 "anyhow",
 "cranelift-codegen",
 "gimli",
 "log",
 "object",
 "target-lexicon",
 "wasmparser 0.239.0",
 "wasmtime-environ",
 "wasmtime-internal-cranelift",
 "winch-codegen",
]

[[package]]
name = "wast"
version = "261.0.0"
source = "registry+https://github.com/rust-lang/crates.io-index"
checksum = "776443145731a4062e5b0d392892a2005909b6ab72d9fdc3cad53dd1a714e44a"
dependencies = [
 "bumpalo",
 "leb128fmt",
 "memchr",
 "unicode-width",
 "wasm-encoder 0.261.0",
]

[[package]]
name = "wat"
version = "1.261.0"
source = "registry+https://github.com/rust-lang/crates.io-index"
checksum = "a7b4d1a49ea73a8f3326e74e3a05db667001b16bd1035ed3356fc1a0ed05ca7f"
dependencies = [
 "wast",
]

[[package]]
name = "winapi-util"
version = "0.1.11"
source = "registry+https://github.com/rust-lang/crates.io-index"
checksum = "c2a7b1c03c876122aa43f3020e6c3c3ee5c05081c9a00739faf7503aeba10d22"
dependencies = [
 "windows-sys 0.61.2",
]

[[package]]
name = "winch-codegen"
version = "38.0.4"
source = "registry+https://github.com/rust-lang/crates.io-index"
checksum = "6c0bb17ae9bf89ebc74512150e6ee0a27b1eac5ff3b54d8cec264f4b4255022d"
dependencies = [
 "anyhow",
 "cranelift-assembler-x64",
 "cranelift-codegen",
 "gimli",
 "regalloc2",
 "smallvec",
 "target-lexicon",
 "thiserror",
 "wasmparser 0.239.0",
 "wasmtime-environ",
 "wasmtime-internal-cranelift",
 "wasmtime-internal-math",
]

[[package]]
name = "windows-link"
version = "0.2.1"
source = "registry+https://github.com/rust-lang/crates.io-index"
checksum = "f0805222e57f7521d6a62e36fa9163bc891acd422f971defe97d64e70d0a4fe5"

[[package]]
name = "windows-sys"
version = "0.60.2"
source = "registry+https://github.com/rust-lang/crates.io-index"
checksum = "f2f500e4d28234f72040990ec9d39e3a6b950f9f22d3dba18416c35882612bcb"
dependencies = [
 "windows-targets",
]

[[package]]
name = "windows-sys"
version = "0.61.2"
source = "registry+https://github.com/rust-lang/crates.io-index"
checksum = "ae137229bcbd6cdf0f7b80a31df61766145077ddf49416a728b02cb3921ff3fc"
dependencies = [
 "windows-link",
]

[[package]]
name = "windows-targets"
version = "0.53.5"
source = "registry+https://github.com/rust-lang/crates.io-index"
checksum = "4945f9f551b88e0d65f3db0bc25c33b8acea4d9e41163edf90dcd0b19f9069f3"
dependencies = [
 "windows-link",
 "windows_aarch64_gnullvm",
 "windows_aarch64_msvc",
 "windows_i686_gnu",
 "windows_i686_gnullvm",
 "windows_i686_msvc",
 "windows_x86_64_gnu",
 "windows_x86_64_gnullvm",
 "windows_x86_64_msvc",
]

[[package]]
name = "windows_aarch64_gnullvm"
version = "0.53.1"
source = "registry+https://github.com/rust-lang/crates.io-index"
checksum = "a9d8416fa8b42f5c947f8482c43e7d89e73a173cead56d044f6a56104a6d1b53"

[[package]]
name = "windows_aarch64_msvc"
version = "0.53.1"
source = "registry+https://github.com/rust-lang/crates.io-index"
checksum = "b9d782e804c2f632e395708e99a94275910eb9100b2114651e04744e9b125006"

[[package]]
name = "windows_i686_gnu"
version = "0.53.1"
source = "registry+https://github.com/rust-lang/crates.io-index"
checksum = "960e6da069d81e09becb0ca57a65220ddff016ff2d6af6a223cf372a506593a3"

[[package]]
name = "windows_i686_gnullvm"
version = "0.53.1"
source = "registry+https://github.com/rust-lang/crates.io-index"
checksum = "fa7359d10048f68ab8b09fa71c3daccfb0e9b559aed648a8f95469c27057180c"

[[package]]
name = "windows_i686_msvc"
version = "0.53.1"
source = "registry+https://github.com/rust-lang/crates.io-index"
checksum = "1e7ac75179f18232fe9c285163565a57ef8d3c89254a30685b57d83a38d326c2"

[[package]]
name = "windows_x86_64_gnu"
version = "0.53.1"
source = "registry+https://github.com/rust-lang/crates.io-index"
checksum = "9c3842cdd74a865a8066ab39c8a7a473c0778a3f29370b5fd6b4b9aa7df4a499"

[[package]]
name = "windows_x86_64_gnullvm"
version = "0.53.1"
source = "registry+https://github.com/rust-lang/crates.io-index"
checksum = "0ffa179e2d07eee8ad8f57493436566c7cc30ac536a3379fdf008f47f6bb7ae1"

[[package]]
name = "windows_x86_64_msvc"
version = "0.53.1"
source = "registry+https://github.com/rust-lang/crates.io-index"
checksum = "d6bbff5f0aada427a1e5a6da5f1f98158182f26556f345ac9e04d36d0ebed650"

[[package]]
name = "wit-bindgen"
version = "0.57.1"
source = "registry+https://github.com/rust-lang/crates.io-index"
checksum = "1ebf944e87a7c253233ad6766e082e3cd714b5d03812acc24c318f549614536e"

[[package]]
name = "zmij"
version = "1.0.23"
source = "registry+https://github.com/rust-lang/crates.io-index"
checksum = "29666d0abbfad1e3dc4dcf6144730dd3a3ab225bbbdac83319345b1b44ccfc1b"
